// !$*UTF8*$!
{
	archiveVersion = 1;
	classes = {
	};
	objectVersion = 55;
	objects = {

/* Begin PBXBuildFile section */
		90833569288E858100FF63CD /* ApplicationMenu.swift in Sources */ = {isa = PBXBuildFile; fileRef = 90833568288E858100FF63CD /* ApplicationMenu.swift */; };
		90D9484A288A824600684B50 /* Source_SwitcherApp.swift in Sources */ = {isa = PBXBuildFile; fileRef = 90D94849288A824600684B50 /* Source_SwitcherApp.swift */; };
		90D9484C288A824600684B50 /* ContentView.swift in Sources */ = {isa = PBXBuildFile; fileRef = 90D9484B288A824600684B50 /* ContentView.swift */; };
		90D9484E288A824900684B50 /* Assets.xcassets in Resources */ = {isa = PBXBuildFile; fileRef = 90D9484D288A824900684B50 /* Assets.xcassets */; };
		90D94851288A824900684B50 /* Preview Assets.xcassets in Resources */ = {isa = PBXBuildFile; fileRef = 90D94850288A824900684B50 /* Preview Assets.xcassets */; };
		90D9485C288A824900684B50 /* Source_SwitcherTests.swift in Sources */ = {isa = PBXBuildFile; fileRef = 90D9485B288A824900684B50 /* Source_SwitcherTests.swift */; };
		90D94866288A824900684B50 /* Source_SwitcherUITests.swift in Sources */ = {isa = PBXBuildFile; fileRef = 90D94865288A824900684B50 /* Source_SwitcherUITests.swift */; };
		90D94868288A824900684B50 /* Source_SwitcherUITestsLaunchTests.swift in Sources */ = {isa = PBXBuildFile; fileRef = 90D94867288A824900684B50 /* Source_SwitcherUITestsLaunchTests.swift */; };
/* End PBXBuildFile section */

/* Begin PBXContainerItemProxy section */
		90D94858288A824900684B50 /* PBXContainerItemProxy */ = {
			isa = PBXContainerItemProxy;
			containerPortal = 90D9483E288A824600684B50 /* Project object */;
			proxyType = 1;
			remoteGlobalIDString = 90D94845288A824600684B50;
			remoteInfo = "Source Switcher";
		};
		90D94862288A824900684B50 /* PBXContainerItemProxy */ = {
			isa = PBXContainerItemProxy;
			containerPortal = 90D9483E288A824600684B50 /* Project object */;
			proxyType = 1;
			remoteGlobalIDString = 90D94845288A824600684B50;
			remoteInfo = "Source Switcher";
		};
/* End PBXContainerItemProxy section */

/* Begin PBXFileReference section */
		90833568288E858100FF63CD /* ApplicationMenu.swift */ = {isa = PBXFileReference; lastKnownFileType = sourcecode.swift; path = ApplicationMenu.swift; sourceTree = "<group>"; };
		90BA281528E446970080DCE1 /* Source-Switcher-Info.plist */ = {isa = PBXFileReference; lastKnownFileType = text.plist; path = "Source-Switcher-Info.plist"; sourceTree = SOURCE_ROOT; };
		90D94846288A824600684B50 /* Source Switcher.app */ = {isa = PBXFileReference; explicitFileType = wrapper.application; includeInIndex = 0; path = "Source Switcher.app"; sourceTree = BUILT_PRODUCTS_DIR; };
		90D94849288A824600684B50 /* Source_SwitcherApp.swift */ = {isa = PBXFileReference; lastKnownFileType = sourcecode.swift; path = Source_SwitcherApp.swift; sourceTree = "<group>"; };
		90D9484B288A824600684B50 /* ContentView.swift */ = {isa = PBXFileReference; lastKnownFileType = sourcecode.swift; path = ContentView.swift; sourceTree = "<group>"; };
		90D9484D288A824900684B50 /* Assets.xcassets */ = {isa = PBXFileReference; lastKnownFileType = folder.assetcatalog; path = Assets.xcassets; sourceTree = "<group>"; };
		90D94850288A824900684B50 /* Preview Assets.xcassets */ = {isa = PBXFileReference; lastKnownFileType = folder.assetcatalog; path = "Preview Assets.xcassets"; sourceTree = "<group>"; };
		90D94852288A824900684B50 /* Source_Switcher.entitlements */ = {isa = PBXFileReference; lastKnownFileType = text.plist.entitlements; path = Source_Switcher.entitlements; sourceTree = "<group>"; };
		90D94857288A824900684B50 /* Source SwitcherTests.xctest */ = {isa = PBXFileReference; explicitFileType = wrapper.cfbundle; includeInIndex = 0; path = "Source SwitcherTests.xctest"; sourceTree = BUILT_PRODUCTS_DIR; };
		90D9485B288A824900684B50 /* Source_SwitcherTests.swift */ = {isa = PBXFileReference; lastKnownFileType = sourcecode.swift; path = Source_SwitcherTests.swift; sourceTree = "<group>"; };
		90D94861288A824900684B50 /* Source SwitcherUITests.xctest */ = {isa = PBXFileReference; explicitFileType = wrapper.cfbundle; includeInIndex = 0; path = "Source SwitcherUITests.xctest"; sourceTree = BUILT_PRODUCTS_DIR; };
		90D94865288A824900684B50 /* Source_SwitcherUITests.swift */ = {isa = PBXFileReference; lastKnownFileType = sourcecode.swift; path = Source_SwitcherUITests.swift; sourceTree = "<group>"; };
		90D94867288A824900684B50 /* Source_SwitcherUITestsLaunchTests.swift */ = {isa = PBXFileReference; lastKnownFileType = sourcecode.swift; path = Source_SwitcherUITestsLaunchTests.swift; sourceTree = "<group>"; };
/* End PBXFileReference section */

/* Begin PBXFrameworksBuildPhase section */
		90D94843288A824600684B50 /* Frameworks */ = {
			isa = PBXFrameworksBuildPhase;
			buildActionMask = 2147483647;
			files = (
			);
			runOnlyForDeploymentPostprocessing = 0;
		};
		90D94854288A824900684B50 /* Frameworks */ = {
			isa = PBXFrameworksBuildPhase;
			buildActionMask = 2147483647;
			files = (
			);
			runOnlyForDeploymentPostprocessing = 0;
		};
		90D9485E288A824900684B50 /* Frameworks */ = {
			isa = PBXFrameworksBuildPhase;
			buildActionMask = 2147483647;
			files = (
			);
			runOnlyForDeploymentPostprocessing = 0;
		};
/* End PBXFrameworksBuildPhase section */

/* Begin PBXGroup section */
		90D9483D288A824600684B50 = {
			isa = PBXGroup;
			children = (
				90D94848288A824600684B50 /* Source Switcher */,
				90D9485A288A824900684B50 /* Source SwitcherTests */,
				90D94864288A824900684B50 /* Source SwitcherUITests */,
				90D94847288A824600684B50 /* Products */,
			);
			sourceTree = "<group>";
		};
		90D94847288A824600684B50 /* Products */ = {
			isa = PBXGroup;
			children = (
				90D94846288A824600684B50 /* Source Switcher.app */,
				90D94857288A824900684B50 /* Source SwitcherTests.xctest */,
				90D94861288A824900684B50 /* Source SwitcherUITests.xctest */,
			);
			name = Products;
			sourceTree = "<group>";
		};
		90D94848288A824600684B50 /* Source Switcher */ = {
			isa = PBXGroup;
			children = (
				90BA281528E446970080DCE1 /* Source-Switcher-Info.plist */,
				90D94849288A824600684B50 /* Source_SwitcherApp.swift */,
				90D9484B288A824600684B50 /* ContentView.swift */,
				90D9484D288A824900684B50 /* Assets.xcassets */,
				90D94852288A824900684B50 /* Source_Switcher.entitlements */,
				90D9484F288A824900684B50 /* Preview Content */,
				90833568288E858100FF63CD /* ApplicationMenu.swift */,
			);
			path = "Source Switcher";
			sourceTree = "<group>";
		};
		90D9484F288A824900684B50 /* Preview Content */ = {
			isa = PBXGroup;
			children = (
				90D94850288A824900684B50 /* Preview Assets.xcassets */,
			);
			path = "Preview Content";
			sourceTree = "<group>";
		};
		90D9485A288A824900684B50 /* Source SwitcherTests */ = {
			isa = PBXGroup;
			children = (
				90D9485B288A824900684B50 /* Source_SwitcherTests.swift */,
			);
			path = "Source SwitcherTests";
			sourceTree = "<group>";
		};
		90D94864288A824900684B50 /* Source SwitcherUITests */ = {
			isa = PBXGroup;
			children = (
				90D94865288A824900684B50 /* Source_SwitcherUITests.swift */,
				90D94867288A824900684B50 /* Source_SwitcherUITestsLaunchTests.swift */,
			);
			path = "Source SwitcherUITests";
			sourceTree = "<group>";
		};
/* End PBXGroup section */

/* Begin PBXNativeTarget section */
		90D94845288A824600684B50 /* Source Switcher */ = {
			isa = PBXNativeTarget;
			buildConfigurationList = 90D9486B288A824900684B50 /* Build configuration list for PBXNativeTarget "Source Switcher" */;
			buildPhases = (
				90D94842288A824600684B50 /* Sources */,
				90D94843288A824600684B50 /* Frameworks */,
				90D94844288A824600684B50 /* Resources */,
			);
			buildRules = (
			);
			dependencies = (
			);
			name = "Source Switcher";
			productName = "Source Switcher";
			productReference = 90D94846288A824600684B50 /* Source Switcher.app */;
			productType = "com.apple.product-type.application";
		};
		90D94856288A824900684B50 /* Source SwitcherTests */ = {
			isa = PBXNativeTarget;
			buildConfigurationList = 90D9486E288A824900684B50 /* Build configuration list for PBXNativeTarget "Source SwitcherTests" */;
			buildPhases = (
				90D94853288A824900684B50 /* Sources */,
				90D94854288A824900684B50 /* Frameworks */,
				90D94855288A824900684B50 /* Resources */,
			);
			buildRules = (
			);
			dependencies = (
				90D94859288A824900684B50 /* PBXTargetDependency */,
			);
			name = "Source SwitcherTests";
			productName = "Source SwitcherTests";
			productReference = 90D94857288A824900684B50 /* Source SwitcherTests.xctest */;
			productType = "com.apple.product-type.bundle.unit-test";
		};
		90D94860288A824900684B50 /* Source SwitcherUITests */ = {
			isa = PBXNativeTarget;
			buildConfigurationList = 90D94871288A824900684B50 /* Build configuration list for PBXNativeTarget "Source SwitcherUITests" */;
			buildPhases = (
				90D9485D288A824900684B50 /* Sources */,
				90D9485E288A824900684B50 /* Frameworks */,
				90D9485F288A824900684B50 /* Resources */,
			);
			buildRules = (
			);
			dependencies = (
				90D94863288A824900684B50 /* PBXTargetDependency */,
			);
			name = "Source SwitcherUITests";
			productName = "Source SwitcherUITests";
			productReference = 90D94861288A824900684B50 /* Source SwitcherUITests.xctest */;
			productType = "com.apple.product-type.bundle.ui-testing";
		};
/* End PBXNativeTarget section */

/* Begin PBXProject section */
		90D9483E288A824600684B50 /* Project object */ = {
			isa = PBXProject;
			attributes = {
				BuildIndependentTargetsInParallel = 1;
				LastSwiftUpdateCheck = 1340;
				LastUpgradeCheck = 1340;
				TargetAttributes = {
					90D94845288A824600684B50 = {
						CreatedOnToolsVersion = 13.4.1;
					};
					90D94856288A824900684B50 = {
						CreatedOnToolsVersion = 13.4.1;
						TestTargetID = 90D94845288A824600684B50;
					};
					90D94860288A824900684B50 = {
						CreatedOnToolsVersion = 13.4.1;
						TestTargetID = 90D94845288A824600684B50;
					};
				};
			};
			buildConfigurationList = 90D94841288A824600684B50 /* Build configuration list for PBXProject "Source Switcher" */;
			compatibilityVersion = "Xcode 13.0";
			developmentRegion = en;
			hasScannedForEncodings = 0;
			knownRegions = (
				en,
				Base,
			);
			mainGroup = 90D9483D288A824600684B50;
			productRefGroup = 90D94847288A824600684B50 /* Products */;
			projectDirPath = "";
			projectRoot = "";
			targets = (
				90D94845288A824600684B50 /* Source Switcher */,
				90D94856288A824900684B50 /* Source SwitcherTests */,
				90D94860288A824900684B50 /* Source SwitcherUITests */,
			);
		};
/* End PBXProject section */

/* Begin PBXResourcesBuildPhase section */
		90D94844288A824600684B50 /* Resources */ = {
			isa = PBXResourcesBuildPhase;
			buildActionMask = 2147483647;
			files = (
				90D94851288A824900684B50 /* Preview Assets.xcassets in Resources */,
				90D9484E288A824900684B50 /* Assets.xcassets in Resources */,
			);
			runOnlyForDeploymentPostprocessing = 0;
		};
		90D94855288A824900684B50 /* Resources */ = {
			isa = PBXResourcesBuildPhase;
			buildActionMask = 2147483647;
			files = (
			);
			runOnlyForDeploymentPostprocessing = 0;
		};
		90D9485F288A824900684B50 /* Resources */ = {
			isa = PBXResourcesBuildPhase;
			buildActionMask = 2147483647;
			files = (
			);
			runOnlyForDeploymentPostprocessing = 0;
		};
/* End PBXResourcesBuildPhase section */

/* Begin PBXSourcesBuildPhase section */
		90D94842288A824600684B50 /* Sources */ = {
			isa = PBXSourcesBuildPhase;
			buildActionMask = 2147483647;
			files = (
				90D9484C288A824600684B50 /* ContentView.swift in Sources */,
				90833569288E858100FF63CD /* ApplicationMenu.swift in Sources */,
				90D9484A288A824600684B50 /* Source_SwitcherApp.swift in Sources */,
			);
			runOnlyForDeploymentPostprocessing = 0;
		};
		90D94853288A824900684B50 /* Sources */ = {
			isa = PBXSourcesBuildPhase;
			buildActionMask = 2147483647;
			files = (
				90D9485C288A824900684B50 /* Source_SwitcherTests.swift in Sources */,
			);
			runOnlyForDeploymentPostprocessing = 0;
		};
		90D9485D288A824900684B50 /* Sources */ = {
			isa = PBXSourcesBuildPhase;
			buildActionMask = 2147483647;
			files = (
				90D94868288A824900684B50 /* Source_SwitcherUITestsLaunchTests.swift in Sources */,
				90D94866288A824900684B50 /* Source_SwitcherUITests.swift in Sources */,
			);
			runOnlyForDeploymentPostprocessing = 0;
		};
/* End PBXSourcesBuildPhase section */

/* Begin PBXTargetDependency section */
		90D94859288A824900684B50 /* PBXTargetDependency */ = {
			isa = PBXTargetDependency;
			target = 90D94845288A824600684B50 /* Source Switcher */;
			targetProxy = 90D94858288A824900684B50 /* PBXContainerItemProxy */;
		};
		90D94863288A824900684B50 /* PBXTargetDependency */ = {
			isa = PBXTargetDependency;
			target = 90D94845288A824600684B50 /* Source Switcher */;
			targetProxy = 90D94862288A824900684B50 /* PBXContainerItemProxy */;
		};
/* End PBXTargetDependency section */

/* Begin XCBuildConfiguration section */
		90D94869288A824900684B50 /* Debug */ = {
			isa = XCBuildConfiguration;
			buildSettings = {
				ALWAYS_SEARCH_USER_PATHS = NO;
				CLANG_ANALYZER_NONNULL = YES;
				CLANG_ANALYZER_NUMBER_OBJECT_CONVERSION = YES_AGGRESSIVE;
				CLANG_CXX_LANGUAGE_STANDARD = "gnu++17";
				CLANG_ENABLE_MODULES = YES;
				CLANG_ENABLE_OBJC_ARC = YES;
				CLANG_ENABLE_OBJC_WEAK = YES;
				CLANG_WARN_BLOCK_CAPTURE_AUTORELEASING = YES;
				CLANG_WARN_BOOL_CONVERSION = YES;
				CLANG_WARN_COMMA = YES;
				CLANG_WARN_CONSTANT_CONVERSION = YES;
				CLANG_WARN_DEPRECATED_OBJC_IMPLEMENTATIONS = YES;
				CLANG_WARN_DIRECT_OBJC_ISA_USAGE = YES_ERROR;
				CLANG_WARN_DOCUMENTATION_COMMENTS = YES;
				CLANG_WARN_EMPTY_BODY = YES;
				CLANG_WARN_ENUM_CONVERSION = YES;
				CLANG_WARN_INFINITE_RECURSION = YES;
				CLANG_WARN_INT_CONVERSION = YES;
				CLANG_WARN_NON_LITERAL_NULL_CONVERSION = YES;
				CLANG_WARN_OBJC_IMPLICIT_RETAIN_SELF = YES;
				CLANG_WARN_OBJC_LITERAL_CONVERSION = YES;
				CLANG_WARN_OBJC_ROOT_CLASS = YES_ERROR;
				CLANG_WARN_QUOTED_INCLUDE_IN_FRAMEWORK_HEADER = YES;
				CLANG_WARN_RANGE_LOOP_ANALYSIS = YES;
				CLANG_WARN_STRICT_PROTOTYPES = YES;
				CLANG_WARN_SUSPICIOUS_MOVE = YES;
				CLANG_WARN_UNGUARDED_AVAILABILITY = YES_AGGRESSIVE;
				CLANG_WARN_UNREACHABLE_CODE = YES;
				CLANG_WARN__DUPLICATE_METHOD_MATCH = YES;
				COPY_PHASE_STRIP = NO;
				DEBUG_INFORMATION_FORMAT = dwarf;
				ENABLE_STRICT_OBJC_MSGSEND = YES;
				ENABLE_TESTABILITY = YES;
				GCC_C_LANGUAGE_STANDARD = gnu11;
				GCC_DYNAMIC_NO_PIC = NO;
				GCC_NO_COMMON_BLOCKS = YES;
				GCC_OPTIMIZATION_LEVEL = 0;
				GCC_PREPROCESSOR_DEFINITIONS = (
					"DEBUG=1",
					"$(inherited)",
				);
				GCC_WARN_64_TO_32_BIT_CONVERSION = YES;
				GCC_WARN_ABOUT_RETURN_TYPE = YES_ERROR;
				GCC_WARN_UNDECLARED_SELECTOR = YES;
				GCC_WARN_UNINITIALIZED_AUTOS = YES_AGGRESSIVE;
				GCC_WARN_UNUSED_FUNCTION = YES;
				GCC_WARN_UNUSED_VARIABLE = YES;
				MACOSX_DEPLOYMENT_TARGET = 12.3;
				MTL_ENABLE_DEBUG_INFO = INCLUDE_SOURCE;
				MTL_FAST_MATH = YES;
				ONLY_ACTIVE_ARCH = YES;
				SDKROOT = macosx;
				SWIFT_ACTIVE_COMPILATION_CONDITIONS = DEBUG;
				SWIFT_OPTIMIZATION_LEVEL = "-Onone";
			};
			name = Debug;
		};
		90D9486A288A824900684B50 /* Release */ = {
			isa = XCBuildConfiguration;
			buildSettings = {
				ALWAYS_SEARCH_USER_PATHS = NO;
				CLANG_ANALYZER_NONNULL = YES;
				CLANG_ANALYZER_NUMBER_OBJECT_CONVERSION = YES_AGGRESSIVE;
				CLANG_CXX_LANGUAGE_STANDARD = "gnu++17";
				CLANG_ENABLE_MODULES = YES;
				CLANG_ENABLE_OBJC_ARC = YES;
				CLANG_ENABLE_OBJC_WEAK = YES;
				CLANG_WARN_BLOCK_CAPTURE_AUTORELEASING = YES;
				CLANG_WARN_BOOL_CONVERSION = YES;
				CLANG_WARN_COMMA = YES;
				CLANG_WARN_CONSTANT_CONVERSION = YES;
				CLANG_WARN_DEPRECATED_OBJC_IMPLEMENTATIONS = YES;
				CLANG_WARN_DIRECT_OBJC_ISA_USAGE = YES_ERROR;
				CLANG_WARN_DOCUMENTATION_COMMENTS = YES;
				CLANG_WARN_EMPTY_BODY = YES;
				CLANG_WARN_ENUM_CONVERSION = YES;
				CLANG_WARN_INFINITE_RECURSION = YES;
				CLANG_WARN_INT_CONVERSION = YES;
				CLANG_WARN_NON_LITERAL_NULL_CONVERSION = YES;
				CLANG_WARN_OBJC_IMPLICIT_RETAIN_SELF = YES;
				CLANG_WARN_OBJC_LITERAL_CONVERSION = YES;
				CLANG_WARN_OBJC_ROOT_CLASS = YES_ERROR;
				CLANG_WARN_QUOTED_INCLUDE_IN_FRAMEWORK_HEADER = YES;
				CLANG_WARN_RANGE_LOOP_ANALYSIS = YES;
				CLANG_WARN_STRICT_PROTOTYPES = YES;
				CLANG_WARN_SUSPICIOUS_MOVE = YES;
				CLANG_WARN_UNGUARDED_AVAILABILITY = YES_AGGRESSIVE;
				CLANG_WARN_UNREACHABLE_CODE = YES;
				CLANG_WARN__DUPLICATE_METHOD_MATCH = YES;
				COPY_PHASE_STRIP = NO;
				DEBUG_INFORMATION_FORMAT = "dwarf-with-dsym";
				ENABLE_NS_ASSERTIONS = NO;
				ENABLE_STRICT_OBJC_MSGSEND = YES;
				GCC_C_LANGUAGE_STANDARD = gnu11;
				GCC_NO_COMMON_BLOCKS = YES;
				GCC_WARN_64_TO_32_BIT_CONVERSION = YES;
				GCC_WARN_ABOUT_RETURN_TYPE = YES_ERROR;
				GCC_WARN_UNDECLARED_SELECTOR = YES;
				GCC_WARN_UNINITIALIZED_AUTOS = YES_AGGRESSIVE;
				GCC_WARN_UNUSED_FUNCTION = YES;
				GCC_WARN_UNUSED_VARIABLE = YES;
				MACOSX_DEPLOYMENT_TARGET = 12.3;
				MTL_ENABLE_DEBUG_INFO = NO;
				MTL_FAST_MATH = YES;
				SDKROOT = macosx;
				SWIFT_COMPILATION_MODE = wholemodule;
				SWIFT_OPTIMIZATION_LEVEL = "-O";
			};
			name = Release;
		};
		90D9486C288A824900684B50 /* Debug */ = {
			isa = XCBuildConfiguration;
			buildSettings = {
				ASSETCATALOG_COMPILER_APPICON_NAME = AppIcon;
				ASSETCATALOG_COMPILER_GLOBAL_ACCENT_COLOR_NAME = AccentColor;
				CODE_SIGN_ENTITLEMENTS = "Source Switcher/Source_Switcher.entitlements";
				CODE_SIGN_STYLE = Automatic;
				COMBINE_HIDPI_IMAGES = YES;
				CURRENT_PROJECT_VERSION = 1;
				DEVELOPMENT_ASSET_PATHS = "\"Source Switcher/Preview Content\"";
				ENABLE_PREVIEWS = YES;
				GENERATE_INFOPLIST_FILE = YES;
				INFOPLIST_FILE = "Source-Switcher-Info.plist";
				INFOPLIST_KEY_NSHumanReadableCopyright = "";
				LD_RUNPATH_SEARCH_PATHS = (
					"$(inherited)",
					"@executable_path/../Frameworks",
				);
				MARKETING_VERSION = 1.0;
				PRODUCT_BUNDLE_IDENTIFIER = "pl.enuai.Source-Switcher";
				PRODUCT_NAME = "$(TARGET_NAME)";
				SWIFT_EMIT_LOC_STRINGS = YES;
				SWIFT_VERSION = 5.0;
			};
			name = Debug;
		};
		90D9486D288A824900684B50 /* Release */ = {
			isa = XCBuildConfiguration;
			buildSettings = {
				ASSETCATALOG_COMPILER_APPICON_NAME = AppIcon;
				ASSETCATALOG_COMPILER_GLOBAL_ACCENT_COLOR_NAME = AccentColor;
				CODE_SIGN_ENTITLEMENTS = "Source Switcher/Source_Switcher.entitlements";
				CODE_SIGN_STYLE = Automatic;
				COMBINE_HIDPI_IMAGES = YES;
				CURRENT_PROJECT_VERSION = 1;
				DEVELOPMENT_ASSET_PATHS = "\"Source Switcher/Preview Content\"";
				ENABLE_PREVIEWS = YES;
				GENERATE_INFOPLIST_FILE = YES;
				INFOPLIST_FILE = "Source-Switcher-Info.plist";
				INFOPLIST_KEY_NSHumanReadableCopyright = "";
				LD_RUNPATH_SEARCH_PATHS = (
					"$(inherited)",
					"@executable_path/../Frameworks",
				);
				MARKETING_VERSION = 1.0;
				PRODUCT_BUNDLE_IDENTIFIER = "pl.enuai.Source-Switcher";
				PRODUCT_NAME = "$(TARGET_NAME)";
				SWIFT_EMIT_LOC_STRINGS = YES;
				SWIFT_VERSION = 5.0;
			};
			name = Release;
		};
		90D9486F288A824900684B50 /* Debug */ = {
			isa = XCBuildConfiguration;
			buildSettings = {
				ALWAYS_EMBED_SWIFT_STANDARD_LIBRARIES = YES;
				BUNDLE_LOADER = "$(TEST_HOST)";
				CODE_SIGN_STYLE = Automatic;
				CURRENT_PROJECT_VERSION = 1;
				GENERATE_INFOPLIST_FILE = YES;
				MACOSX_DEPLOYMENT_TARGET = 12.3;
				MARKETING_VERSION = 1.0;
				PRODUCT_BUNDLE_IDENTIFIER = "pl.enuai.Source-SwitcherTests";
				PRODUCT_NAME = "$(TARGET_NAME)";
				SWIFT_EMIT_LOC_STRINGS = NO;
				SWIFT_VERSION = 5.0;
				TEST_HOST = "$(BUILT_PRODUCTS_DIR)/Source Switcher.app/Contents/MacOS/Source Switcher";
			};
			name = Debug;
		};
		90D94870288A824900684B50 /* Release */ = {
			isa = XCBuildConfiguration;
			buildSettings = {
				ALWAYS_EMBED_SWIFT_STANDARD_LIBRARIES = YES;
				BUNDLE_LOADER = "$(TEST_HOST)";
				CODE_SIGN_STYLE = Automatic;
				CURRENT_PROJECT_VERSION = 1;
				GENERATE_INFOPLIST_FILE = YES;
				MACOSX_DEPLOYMENT_TARGET = 12.3;
				MARKETING_VERSION = 1.0;
				PRODUCT_BUNDLE_IDENTIFIER = "pl.enuai.Source-SwitcherTests";
				PRODUCT_NAME = "$(TARGET_NAME)";
				SWIFT_EMIT_LOC_STRINGS = NO;
				SWIFT_VERSION = 5.0;
				TEST_HOST = "$(BUILT_PRODUCTS_DIR)/Source Switcher.app/Contents/MacOS/Source Switcher";
			};
			name = Release;
		};
		90D94872288A824900684B50 /* Debug */ = {
			isa = XCBuildConfiguration;
			buildSettings = {
				ALWAYS_EMBED_SWIFT_STANDARD_LIBRARIES = YES;
				CODE_SIGN_STYLE = Automatic;
				CURRENT_PROJECT_VERSION = 1;
				GENERATE_INFOPLIST_FILE = YES;
				MARKETING_VERSION = 1.0;
				PRODUCT_BUNDLE_IDENTIFIER = "pl.enuai.Source-SwitcherUITests";
				PRODUCT_NAME = "$(TARGET_NAME)";
				SWIFT_EMIT_LOC_STRINGS = NO;
				SWIFT_VERSION = 5.0;
				TEST_TARGET_NAME = "Source Switcher";
			};
			name = Debug;
		};
		90D94873288A824900684B50 /* Release */ = {
			isa = XCBuildConfiguration;
			buildSettings = {
				ALWAYS_EMBED_SWIFT_STANDARD_LIBRARIES = YES;
				CODE_SIGN_STYLE = Automatic;
				CURRENT_PROJECT_VERSION = 1;
				GENERATE_INFOPLIST_FILE = YES;
				MARKETING_VERSION = 1.0;
				PRODUCT_BUNDLE_IDENTIFIER = "pl.enuai.Source-SwitcherUITests";
				PRODUCT_NAME = "$(TARGET_NAME)";
				SWIFT_EMIT_LOC_STRINGS = NO;
				SWIFT_VERSION = 5.0;
				TEST_TARGET_NAME = "Source Switcher";
			};
			name = Release;
		};
/* End XCBuildConfiguration section */

/* Begin XCConfigurationList section */
		90D94841288A824600684B50 /* Build configuration list for PBXProject "Source Switcher" */ = {
			isa = XCConfigurationList;
			buildConfigurations = (
				90D94869288A824900684B50 /* Debug */,
				90D9486A288A824900684B50 /* Release */,
			);
			defaultConfigurationIsVisible = 0;
			defaultConfigurationName = Release;
		};
		90D9486B288A824900684B50 /* Build configuration list for PBXNativeTarget "Source Switcher" */ = {
			isa = XCConfigurationList;
			buildConfigurations = (
				90D9486C288A824900684B50 /* Debug */,
				90D9486D288A824900684B50 /* Release */,
			);
			defaultConfigurationIsVisible = 0;
			defaultConfigurationName = Release;
		};
		90D9486E288A824900684B50 /* Build configuration list for PBXNativeTarget "Source SwitcherTests" */ = {
			isa = XCConfigurationList;
			buildConfigurations = (
				90D9486F288A824900684B50 /* Debug */,
				90D94870288A824900684B50 /* Release */,
			);
			defaultConfigurationIsVisible = 0;
			defaultConfigurationName = Release;
		};
		90D94871288A824900684B50 /* Build configuration list for PBXNativeTarget "Source SwitcherUITests" */ = {
			isa = XCConfigurationList;
			buildConfigurations = (
				90D94872288A824900684B50 /* Debug */,
				90D94873288A824900684B50 /* Release */,
			);
			defaultConfigurationIsVisible = 0;
			defaultConfigurationName = Release;
		};
/* End XCConfigurationList section */
	};
	rootObject = 90D9483E288A824600684B50 /* Project object */;
}
